// !$*UTF8*$!
{
	archiveVersion = 1;
	classes = {
	};
	objectVersion = 56;
	objects = {

/* Begin PBXBuildFile section */
		C363EF9F29F540C9003A601B /* AppDelegate.swift in Sources */ = {isa = PBXBuildFile; fileRef = C363EF9E29F540C9003A601B /* AppDelegate.swift */; };
		C363EFA129F540C9003A601B /* SceneDelegate.swift in Sources */ = {isa = PBXBuildFile; fileRef = C363EFA029F540C9003A601B /* SceneDelegate.swift */; };
		C363EFA329F540C9003A601B /* ViewController.swift in Sources */ = {isa = PBXBuildFile; fileRef = C363EFA229F540C9003A601B /* ViewController.swift */; };
		C363EFA629F540C9003A601B /* Main.storyboard in Resources */ = {isa = PBXBuildFile; fileRef = C363EFA429F540C9003A601B /* Main.storyboard */; };
		C363EFA829F540CB003A601B /* Assets.xcassets in Resources */ = {isa = PBXBuildFile; fileRef = C363EFA729F540CB003A601B /* Assets.xcassets */; };
		C363EFAB29F540CB003A601B /* LaunchScreen.storyboard in Resources */ = {isa = PBXBuildFile; fileRef = C363EFA929F540CB003A601B /* LaunchScreen.storyboard */; };
		C363EFB629F540CC003A601B /* timer_usage_exampleTests.swift in Sources */ = {isa = PBXBuildFile; fileRef = C363EFB529F540CC003A601B /* timer_usage_exampleTests.swift */; };
		C363EFC029F540CC003A601B /* timer_usage_exampleUITests.swift in Sources */ = {isa = PBXBuildFile; fileRef = C363EFBF29F540CC003A601B /* timer_usage_exampleUITests.swift */; };
		C363EFC229F540CC003A601B /* timer_usage_exampleUITestsLaunchTests.swift in Sources */ = {isa = PBXBuildFile; fileRef = C363EFC129F540CC003A601B /* timer_usage_exampleUITestsLaunchTests.swift */; };
/* End PBXBuildFile section */

/* Begin PBXContainerItemProxy section */
		C363EFB229F540CC003A601B /* PBXContainerItemProxy */ = {
			isa = PBXContainerItemProxy;
			containerPortal = C363EF9329F540C9003A601B /* Project object */;
			proxyType = 1;
			remoteGlobalIDString = C363EF9A29F540C9003A601B;
			remoteInfo = "timer usage example";
		};
		C363EFBC29F540CC003A601B /* PBXContainerItemProxy */ = {
			isa = PBXContainerItemProxy;
			containerPortal = C363EF9329F540C9003A601B /* Project object */;
			proxyType = 1;
			remoteGlobalIDString = C363EF9A29F540C9003A601B;
			remoteInfo = "timer usage example";
		};
/* End PBXContainerItemProxy section */

/* Begin PBXFileReference section */
		C363EF9B29F540C9003A601B /* timer usage example.app */ = {isa = PBXFileReference; explicitFileType = wrapper.application; includeInIndex = 0; path = "timer usage example.app"; sourceTree = BUILT_PRODUCTS_DIR; };
		C363EF9E29F540C9003A601B /* AppDelegate.swift */ = {isa = PBXFileReference; lastKnownFileType = sourcecode.swift; path = AppDelegate.swift; sourceTree = "<group>"; };
		C363EFA029F540C9003A601B /* SceneDelegate.swift */ = {isa = PBXFileReference; lastKnownFileType = sourcecode.swift; path = SceneDelegate.swift; sourceTree = "<group>"; };
		C363EFA229F540C9003A601B /* ViewController.swift */ = {isa = PBXFileReference; lastKnownFileType = sourcecode.swift; path = ViewController.swift; sourceTree = "<group>"; };
		C363EFA529F540C9003A601B /* Base */ = {isa = PBXFileReference; lastKnownFileType = file.storyboard; name = Base; path = Base.lproj/Main.storyboard; sourceTree = "<group>"; };
		C363EFA729F540CB003A601B /* Assets.xcassets */ = {isa = PBXFileReference; lastKnownFileType = folder.assetcatalog; path = Assets.xcassets; sourceTree = "<group>"; };
		C363EFAA29F540CB003A601B /* Base */ = {isa = PBXFileReference; lastKnownFileType = file.storyboard; name = Base; path = Base.lproj/LaunchScreen.storyboard; sourceTree = "<group>"; };
		C363EFAC29F540CB003A601B /* Info.plist */ = {isa = PBXFileReference; lastKnownFileType = text.plist.xml; path = Info.plist; sourceTree = "<group>"; };
		C363EFB129F540CC003A601B /* timer usage exampleTests.xctest */ = {isa = PBXFileReference; explicitFileType = wrapper.cfbundle; includeInIndex = 0; path = "timer usage exampleTests.xctest"; sourceTree = BUILT_PRODUCTS_DIR; };
		C363EFB529F540CC003A601B /* timer_usage_exampleTests.swift */ = {isa = PBXFileReference; lastKnownFileType = sourcecode.swift; path = timer_usage_exampleTests.swift; sourceTree = "<group>"; };
		C363EFBB29F540CC003A601B /* timer usage exampleUITests.xctest */ = {isa = PBXFileReference; explicitFileType = wrapper.cfbundle; includeInIndex = 0; path = "timer usage exampleUITests.xctest"; sourceTree = BUILT_PRODUCTS_DIR; };
		C363EFBF29F540CC003A601B /* timer_usage_exampleUITests.swift */ = {isa = PBXFileReference; lastKnownFileType = sourcecode.swift; path = timer_usage_exampleUITests.swift; sourceTree = "<group>"; };
		C363EFC129F540CC003A601B /* timer_usage_exampleUITestsLaunchTests.swift */ = {isa = PBXFileReference; lastKnownFileType = sourcecode.swift; path = timer_usage_exampleUITestsLaunchTests.swift; sourceTree = "<group>"; };
/* End PBXFileReference section */

/* Begin PBXFrameworksBuildPhase section */
		C363EF9829F540C9003A601B /* Frameworks */ = {
			isa = PBXFrameworksBuildPhase;
			buildActionMask = 2147483647;
			files = (
			);
			runOnlyForDeploymentPostprocessing = 0;
		};
		C363EFAE29F540CC003A601B /* Frameworks */ = {
			isa = PBXFrameworksBuildPhase;
			buildActionMask = 2147483647;
			files = (
			);
			runOnlyForDeploymentPostprocessing = 0;
		};
		C363EFB829F540CC003A601B /* Frameworks */ = {
			isa = PBXFrameworksBuildPhase;
			buildActionMask = 2147483647;
			files = (
			);
			runOnlyForDeploymentPostprocessing = 0;
		};
/* End PBXFrameworksBuildPhase section */

/* Begin PBXGroup section */
		C363EF9229F540C9003A601B = {
			isa = PBXGroup;
			children = (
				C363EF9D29F540C9003A601B /* timer usage example */,
				C363EFB429F540CC003A601B /* timer usage exampleTests */,
				C363EFBE29F540CC003A601B /* timer usage exampleUITests */,
				C363EF9C29F540C9003A601B /* Products */,
			);
			sourceTree = "<group>";
		};
		C363EF9C29F540C9003A601B /* Products */ = {
			isa = PBXGroup;
			children = (
				C363EF9B29F540C9003A601B /* timer usage example.app */,
				C363EFB129F540CC003A601B /* timer usage exampleTests.xctest */,
				C363EFBB29F540CC003A601B /* timer usage exampleUITests.xctest */,
			);
			name = Products;
			sourceTree = "<group>";
		};
		C363EF9D29F540C9003A601B /* timer usage example */ = {
			isa = PBXGroup;
			children = (
				C363EF9E29F540C9003A601B /* AppDelegate.swift */,
				C363EFA029F540C9003A601B /* SceneDelegate.swift */,
				C363EFA229F540C9003A601B /* ViewController.swift */,
				C363EFA429F540C9003A601B /* Main.storyboard */,
				C363EFA729F540CB003A601B /* Assets.xcassets */,
				C363EFA929F540CB003A601B /* LaunchScreen.storyboard */,
				C363EFAC29F540CB003A601B /* Info.plist */,
			);
			path = "timer usage example";
			sourceTree = "<group>";
		};
		C363EFB429F540CC003A601B /* timer usage exampleTests */ = {
			isa = PBXGroup;
			children = (
				C363EFB529F540CC003A601B /* timer_usage_exampleTests.swift */,
			);
			path = "timer usage exampleTests";
			sourceTree = "<group>";
		};
		C363EFBE29F540CC003A601B /* timer usage exampleUITests */ = {
			isa = PBXGroup;
			children = (
				C363EFBF29F540CC003A601B /* timer_usage_exampleUITests.swift */,
				C363EFC129F540CC003A601B /* timer_usage_exampleUITestsLaunchTests.swift */,
			);
			path = "timer usage exampleUITests";
			sourceTree = "<group>";
		};
/* End PBXGroup section */

/* Begin PBXNativeTarget section */
		C363EF9A29F540C9003A601B /* timer usage example */ = {
			isa = PBXNativeTarget;
			buildConfigurationList = C363EFC529F540CC003A601B /* Build configuration list for PBXNativeTarget "timer usage example" */;
			buildPhases = (
				C363EF9729F540C9003A601B /* Sources */,
				C363EF9829F540C9003A601B /* Frameworks */,
				C363EF9929F540C9003A601B /* Resources */,
			);
			buildRules = (
			);
			dependencies = (
			);
			name = "timer usage example";
			productName = "timer usage example";
			productReference = C363EF9B29F540C9003A601B /* timer usage example.app */;
			productType = "com.apple.product-type.application";
		};
		C363EFB029F540CC003A601B /* timer usage exampleTests */ = {
			isa = PBXNativeTarget;
			buildConfigurationList = C363EFC829F540CC003A601B /* Build configuration list for PBXNativeTarget "timer usage exampleTests" */;
			buildPhases = (
				C363EFAD29F540CC003A601B /* Sources */,
				C363EFAE29F540CC003A601B /* Frameworks */,
				C363EFAF29F540CC003A601B /* Resources */,
			);
			buildRules = (
			);
			dependencies = (
				C363EFB329F540CC003A601B /* PBXTargetDependency */,
			);
			name = "timer usage exampleTests";
			productName = "timer usage exampleTests";
			productReference = C363EFB129F540CC003A601B /* timer usage exampleTests.xctest */;
			productType = "com.apple.product-type.bundle.unit-test";
		};
		C363EFBA29F540CC003A601B /* timer usage exampleUITests */ = {
			isa = PBXNativeTarget;
			buildConfigurationList = C363EFCB29F540CC003A601B /* Build configuration list for PBXNativeTarget "timer usage exampleUITests" */;
			buildPhases = (
				C363EFB729F540CC003A601B /* Sources */,
				C363EFB829F540CC003A601B /* Frameworks */,
				C363EFB929F540CC003A601B /* Resources */,
			);
			buildRules = (
			);
			dependencies = (
				C363EFBD29F540CC003A601B /* PBXTargetDependency */,
			);
			name = "timer usage exampleUITests";
			productName = "timer usage exampleUITests";
			productReference = C363EFBB29F540CC003A601B /* timer usage exampleUITests.xctest */;
			productType = "com.apple.product-type.bundle.ui-testing";
		};
/* End PBXNativeTarget section */

/* Begin PBXProject section */
		C363EF9329F540C9003A601B /* Project object */ = {
			isa = PBXProject;
			attributes = {
				BuildIndependentTargetsInParallel = 1;
				LastSwiftUpdateCheck = 1430;
				LastUpgradeCheck = 1430;
				TargetAttributes = {
					C363EF9A29F540C9003A601B = {
						CreatedOnToolsVersion = 14.3;
					};
					C363EFB029F540CC003A601B = {
						CreatedOnToolsVersion = 14.3;
						TestTargetID = C363EF9A29F540C9003A601B;
					};
					C363EFBA29F540CC003A601B = {
						CreatedOnToolsVersion = 14.3;
						TestTargetID = C363EF9A29F540C9003A601B;
					};
				};
			};
			buildConfigurationList = C363EF9629F540C9003A601B /* Build configuration list for PBXProject "timer usage example" */;
			compatibilityVersion = "Xcode 14.0";
			developmentRegion = en;
			hasScannedForEncodings = 0;
			knownRegions = (
				en,
				Base,
			);
			mainGroup = C363EF9229F540C9003A601B;
			productRefGroup = C363EF9C29F540C9003A601B /* Products */;
			projectDirPath = "";
			projectRoot = "";
			targets = (
				C363EF9A29F540C9003A601B /* timer usage example */,
				C363EFB029F540CC003A601B /* timer usage exampleTests */,
				C363EFBA29F540CC003A601B /* timer usage exampleUITests */,
			);
		};
/* End PBXProject section */

/* Begin PBXResourcesBuildPhase section */
		C363EF9929F540C9003A601B /* Resources */ = {
			isa = PBXResourcesBuildPhase;
			buildActionMask = 2147483647;
			files = (
				C363EFAB29F540CB003A601B /* LaunchScreen.storyboard in Resources */,
				C363EFA829F540CB003A601B /* Assets.xcassets in Resources */,
				C363EFA629F540C9003A601B /* Main.storyboard in Resources */,
			);
			runOnlyForDeploymentPostprocessing = 0;
		};
		C363EFAF29F540CC003A601B /* Resources */ = {
			isa = PBXResourcesBuildPhase;
			buildActionMask = 2147483647;
			files = (
			);
			runOnlyForDeploymentPostprocessing = 0;
		};
		C363EFB929F540CC003A601B /* Resources */ = {
			isa = PBXResourcesBuildPhase;
			buildActionMask = 2147483647;
			files = (
			);
			runOnlyForDeploymentPostprocessing = 0;
		};
/* End PBXResourcesBuildPhase section */

/* Begin PBXSourcesBuildPhase section */
		C363EF9729F540C9003A601B /* Sources */ = {
			isa = PBXSourcesBuildPhase;
			buildActionMask = 2147483647;
			files = (
				C363EFA329F540C9003A601B /* ViewController.swift in Sources */,
				C363EF9F29F540C9003A601B /* AppDelegate.swift in Sources */,
				C363EFA129F540C9003A601B /* SceneDelegate.swift in Sources */,
			);
			runOnlyForDeploymentPostprocessing = 0;
		};
		C363EFAD29F540CC003A601B /* Sources */ = {
			isa = PBXSourcesBuildPhase;
			buildActionMask = 2147483647;
			files = (
				C363EFB629F540CC003A601B /* timer_usage_exampleTests.swift in Sources */,
			);
			runOnlyForDeploymentPostprocessing = 0;
		};
		C363EFB729F540CC003A601B /* Sources */ = {
			isa = PBXSourcesBuildPhase;
			buildActionMask = 2147483647;
			files = (
				C363EFC029F540CC003A601B /* timer_usage_exampleUITests.swift in Sources */,
				C363EFC229F540CC003A601B /* timer_usage_exampleUITestsLaunchTests.swift in Sources */,
			);
			runOnlyForDeploymentPostprocessing = 0;
		};
/* End PBXSourcesBuildPhase section */

/* Begin PBXTargetDependency section */
		C363EFB329F540CC003A601B /* PBXTargetDependency */ = {
			isa = PBXTargetDependency;
			target = C363EF9A29F540C9003A601B /* timer usage example */;
			targetProxy = C363EFB229F540CC003A601B /* PBXContainerItemProxy */;
		};
		C363EFBD29F540CC003A601B /* PBXTargetDependency */ = {
			isa = PBXTargetDependency;
			target = C363EF9A29F540C9003A601B /* timer usage example */;
			targetProxy = C363EFBC29F540CC003A601B /* PBXContainerItemProxy */;
		};
/* End PBXTargetDependency section */

/* Begin PBXVariantGroup section */
		C363EFA429F540C9003A601B /* Main.storyboard */ = {
			isa = PBXVariantGroup;
			children = (
				C363EFA529F540C9003A601B /* Base */,
			);
			name = Main.storyboard;
			sourceTree = "<group>";
		};
		C363EFA929F540CB003A601B /* LaunchScreen.storyboard */ = {
			isa = PBXVariantGroup;
			children = (
				C363EFAA29F540CB003A601B /* Base */,
			);
			name = LaunchScreen.storyboard;
			sourceTree = "<group>";
		};
/* End PBXVariantGroup section */

/* Begin XCBuildConfiguration section */
		C363EFC329F540CC003A601B /* Debug */ = {
			isa = XCBuildConfiguration;
			buildSettings = {
				ALWAYS_SEARCH_USER_PATHS = NO;
				CLANG_ANALYZER_NONNULL = YES;
				CLANG_ANALYZER_NUMBER_OBJECT_CONVERSION = YES_AGGRESSIVE;
				CLANG_CXX_LANGUAGE_STANDARD = "gnu++20";
				CLANG_ENABLE_MODULES = YES;
				CLANG_ENABLE_OBJC_ARC = YES;
				CLANG_ENABLE_OBJC_WEAK = YES;
				CLANG_WARN_BLOCK_CAPTURE_AUTORELEASING = YES;
				CLANG_WARN_BOOL_CONVERSION = YES;
				CLANG_WARN_COMMA = YES;
				CLANG_WARN_CONSTANT_CONVERSION = YES;
				CLANG_WARN_DEPRECATED_OBJC_IMPLEMENTATIONS = YES;
				CLANG_WARN_DIRECT_OBJC_ISA_USAGE = YES_ERROR;
				CLANG_WARN_DOCUMENTATION_COMMENTS = YES;
				CLANG_WARN_EMPTY_BODY = YES;
				CLANG_WARN_ENUM_CONVERSION = YES;
				CLANG_WARN_INFINITE_RECURSION = YES;
				CLANG_WARN_INT_CONVERSION = YES;
				CLANG_WARN_NON_LITERAL_NULL_CONVERSION = YES;
				CLANG_WARN_OBJC_IMPLICIT_RETAIN_SELF = YES;
				CLANG_WARN_OBJC_LITERAL_CONVERSION = YES;
				CLANG_WARN_OBJC_ROOT_CLASS = YES_ERROR;
				CLANG_WARN_QUOTED_INCLUDE_IN_FRAMEWORK_HEADER = YES;
				CLANG_WARN_RANGE_LOOP_ANALYSIS = YES;
				CLANG_WARN_STRICT_PROTOTYPES = YES;
				CLANG_WARN_SUSPICIOUS_MOVE = YES;
				CLANG_WARN_UNGUARDED_AVAILABILITY = YES_AGGRESSIVE;
				CLANG_WARN_UNREACHABLE_CODE = YES;
				CLANG_WARN__DUPLICATE_METHOD_MATCH = YES;
				COPY_PHASE_STRIP = NO;
				DEBUG_INFORMATION_FORMAT = dwarf;
				ENABLE_STRICT_OBJC_MSGSEND = YES;
				ENABLE_TESTABILITY = YES;
				GCC_C_LANGUAGE_STANDARD = gnu11;
				GCC_DYNAMIC_NO_PIC = NO;
				GCC_NO_COMMON_BLOCKS = YES;
				GCC_OPTIMIZATION_LEVEL = 0;
				GCC_PREPROCESSOR_DEFINITIONS = (
					"DEBUG=1",
					"$(inherited)",
				);
				GCC_WARN_64_TO_32_BIT_CONVERSION = YES;
				GCC_WARN_ABOUT_RETURN_TYPE = YES_ERROR;
				GCC_WARN_UNDECLARED_SELECTOR = YES;
				GCC_WARN_UNINITIALIZED_AUTOS = YES_AGGRESSIVE;
				GCC_WARN_UNUSED_FUNCTION = YES;
				GCC_WARN_UNUSED_VARIABLE = YES;
				IPHONEOS_DEPLOYMENT_TARGET = 16.4;
				MTL_ENABLE_DEBUG_INFO = INCLUDE_SOURCE;
				MTL_FAST_MATH = YES;
				ONLY_ACTIVE_ARCH = YES;
				SDKROOT = iphoneos;
				SWIFT_ACTIVE_COMPILATION_CONDITIONS = DEBUG;
				SWIFT_OPTIMIZATION_LEVEL = "-Onone";
			};
			name = Debug;
		};
		C363EFC429F540CC003A601B /* Release */ = {
			isa = XCBuildConfiguration;
			buildSettings = {
				ALWAYS_SEARCH_USER_PATHS = NO;
				CLANG_ANALYZER_NONNULL = YES;
				CLANG_ANALYZER_NUMBER_OBJECT_CONVERSION = YES_AGGRESSIVE;
				CLANG_CXX_LANGUAGE_STANDARD = "gnu++20";
				CLANG_ENABLE_MODULES = YES;
				CLANG_ENABLE_OBJC_ARC = YES;
				CLANG_ENABLE_OBJC_WEAK = YES;
				CLANG_WARN_BLOCK_CAPTURE_AUTORELEASING = YES;
				CLANG_WARN_BOOL_CONVERSION = YES;
				CLANG_WARN_COMMA = YES;
				CLANG_WARN_CONSTANT_CONVERSION = YES;
				CLANG_WARN_DEPRECATED_OBJC_IMPLEMENTATIONS = YES;
				CLANG_WARN_DIRECT_OBJC_ISA_USAGE = YES_ERROR;
				CLANG_WARN_DOCUMENTATION_COMMENTS = YES;
				CLANG_WARN_EMPTY_BODY = YES;
				CLANG_WARN_ENUM_CONVERSION = YES;
				CLANG_WARN_INFINITE_RECURSION = YES;
				CLANG_WARN_INT_CONVERSION = YES;
				CLANG_WARN_NON_LITERAL_NULL_CONVERSION = YES;
				CLANG_WARN_OBJC_IMPLICIT_RETAIN_SELF = YES;
				CLANG_WARN_OBJC_LITERAL_CONVERSION = YES;
				CLANG_WARN_OBJC_ROOT_CLASS = YES_ERROR;
				CLANG_WARN_QUOTED_INCLUDE_IN_FRAMEWORK_HEADER = YES;
				CLANG_WARN_RANGE_LOOP_ANALYSIS = YES;
				CLANG_WARN_STRICT_PROTOTYPES = YES;
				CLANG_WARN_SUSPICIOUS_MOVE = YES;
				CLANG_WARN_UNGUARDED_AVAILABILITY = YES_AGGRESSIVE;
				CLANG_WARN_UNREACHABLE_CODE = YES;
				CLANG_WARN__DUPLICATE_METHOD_MATCH = YES;
				COPY_PHASE_STRIP = NO;
				DEBUG_INFORMATION_FORMAT = "dwarf-with-dsym";
				ENABLE_NS_ASSERTIONS = NO;
				ENABLE_STRICT_OBJC_MSGSEND = YES;
				GCC_C_LANGUAGE_STANDARD = gnu11;
				GCC_NO_COMMON_BLOCKS = YES;
				GCC_WARN_64_TO_32_BIT_CONVERSION = YES;
				GCC_WARN_ABOUT_RETURN_TYPE = YES_ERROR;
				GCC_WARN_UNDECLARED_SELECTOR = YES;
				GCC_WARN_UNINITIALIZED_AUTOS = YES_AGGRESSIVE;
				GCC_WARN_UNUSED_FUNCTION = YES;
				GCC_WARN_UNUSED_VARIABLE = YES;
				IPHONEOS_DEPLOYMENT_TARGET = 16.4;
				MTL_ENABLE_DEBUG_INFO = NO;
				MTL_FAST_MATH = YES;
				SDKROOT = iphoneos;
				SWIFT_COMPILATION_MODE = wholemodule;
				SWIFT_OPTIMIZATION_LEVEL = "-O";
				VALIDATE_PRODUCT = YES;
			};
			name = Release;
		};
		C363EFC629F540CC003A601B /* Debug */ = {
			isa = XCBuildConfiguration;
			buildSettings = {
				ASSETCATALOG_COMPILER_APPICON_NAME = AppIcon;
				ASSETCATALOG_COMPILER_GLOBAL_ACCENT_COLOR_NAME = AccentColor;
				CODE_SIGN_STYLE = Automatic;
				CURRENT_PROJECT_VERSION = 1;
				DEVELOPMENT_TEAM = 9US9SK456N;
				GENERATE_INFOPLIST_FILE = YES;
				INFOPLIST_FILE = "timer usage example/Info.plist";
				INFOPLIST_KEY_UIApplicationSupportsIndirectInputEvents = YES;
				INFOPLIST_KEY_UILaunchStoryboardName = LaunchScreen;
				INFOPLIST_KEY_UIMainStoryboardFile = Main;
				INFOPLIST_KEY_UISupportedInterfaceOrientations_iPad = "UIInterfaceOrientationPortrait UIInterfaceOrientationPortraitUpsideDown UIInterfaceOrientationLandscapeLeft UIInterfaceOrientationLandscapeRight";
				INFOPLIST_KEY_UISupportedInterfaceOrientations_iPhone = "UIInterfaceOrientationPortrait UIInterfaceOrientationLandscapeLeft UIInterfaceOrientationLandscapeRight";
				LD_RUNPATH_SEARCH_PATHS = (
					"$(inherited)",
					"@executable_path/Frameworks",
				);
				MARKETING_VERSION = 1.0;
				PRODUCT_BUNDLE_IDENTIFIER = "adotech.timer-usage-example";
				PRODUCT_NAME = "$(TARGET_NAME)";
				SWIFT_EMIT_LOC_STRINGS = YES;
				SWIFT_VERSION = 5.0;
				TARGETED_DEVICE_FAMILY = "1,2";
			};
			name = Debug;
		};
		C363EFC729F540CC003A601B /* Release */ = {
			isa = XCBuildConfiguration;
			buildSettings = {
				ASSETCATALOG_COMPILER_APPICON_NAME = AppIcon;
				ASSETCATALOG_COMPILER_GLOBAL_ACCENT_COLOR_NAME = AccentColor;
				CODE_SIGN_STYLE = Automatic;
				CURRENT_PROJECT_VERSION = 1;
				DEVELOPMENT_TEAM = 9US9SK456N;
				GENERATE_INFOPLIST_FILE = YES;
				INFOPLIST_FILE = "timer usage example/Info.plist";
				INFOPLIST_KEY_UIApplicationSupportsIndirectInputEvents = YES;
				INFOPLIST_KEY_UILaunchStoryboardName = LaunchScreen;
				INFOPLIST_KEY_UIMainStoryboardFile = Main;
				INFOPLIST_KEY_UISupportedInterfaceOrientations_iPad = "UIInterfaceOrientationPortrait UIInterfaceOrientationPortraitUpsideDown UIInterfaceOrientationLandscapeLeft UIInterfaceOrientationLandscapeRight";
				INFOPLIST_KEY_UISupportedInterfaceOrientations_iPhone = "UIInterfaceOrientationPortrait UIInterfaceOrientationLandscapeLeft UIInterfaceOrientationLandscapeRight";
				LD_RUNPATH_SEARCH_PATHS = (
					"$(inherited)",
					"@executable_path/Frameworks",
				);
				MARKETING_VERSION = 1.0;
				PRODUCT_BUNDLE_IDENTIFIER = "adotech.timer-usage-example";
				PRODUCT_NAME = "$(TARGET_NAME)";
				SWIFT_EMIT_LOC_STRINGS = YES;
				SWIFT_VERSION = 5.0;
				TARGETED_DEVICE_FAMILY = "1,2";
			};
			name = Release;
		};
		C363EFC929F540CC003A601B /* Debug */ = {
			isa = XCBuildConfiguration;
			buildSettings = {
				ALWAYS_EMBED_SWIFT_STANDARD_LIBRARIES = YES;
				BUNDLE_LOADER = "$(TEST_HOST)";
				CODE_SIGN_STYLE = Automatic;
				CURRENT_PROJECT_VERSION = 1;
				DEVELOPMENT_TEAM = 9US9SK456N;
				GENERATE_INFOPLIST_FILE = YES;
				IPHONEOS_DEPLOYMENT_TARGET = 16.4;
				MARKETING_VERSION = 1.0;
				PRODUCT_BUNDLE_IDENTIFIER = "adotech.timer-usage-exampleTests";
				PRODUCT_NAME = "$(TARGET_NAME)";
				SWIFT_EMIT_LOC_STRINGS = NO;
				SWIFT_VERSION = 5.0;
				TARGETED_DEVICE_FAMILY = "1,2";
				TEST_HOST = "$(BUILT_PRODUCTS_DIR)/timer usage example.app/$(BUNDLE_EXECUTABLE_FOLDER_PATH)/timer usage example";
			};
			name = Debug;
		};
		C363EFCA29F540CC003A601B /* Release */ = {
			isa = XCBuildConfiguration;
			buildSettings = {
				ALWAYS_EMBED_SWIFT_STANDARD_LIBRARIES = YES;
				BUNDLE_LOADER = "$(TEST_HOST)";
				CODE_SIGN_STYLE = Automatic;
				CURRENT_PROJECT_VERSION = 1;
				DEVELOPMENT_TEAM = 9US9SK456N;
				GENERATE_INFOPLIST_FILE = YES;
				IPHONEOS_DEPLOYMENT_TARGET = 16.4;
				MARKETING_VERSION = 1.0;
				PRODUCT_BUNDLE_IDENTIFIER = "adotech.timer-usage-exampleTests";
				PRODUCT_NAME = "$(TARGET_NAME)";
				SWIFT_EMIT_LOC_STRINGS = NO;
				SWIFT_VERSION = 5.0;
				TARGETED_DEVICE_FAMILY = "1,2";
				TEST_HOST = "$(BUILT_PRODUCTS_DIR)/timer usage example.app/$(BUNDLE_EXECUTABLE_FOLDER_PATH)/timer usage example";
			};
			name = Release;
		};
		C363EFCC29F540CC003A601B /* Debug */ = {
			isa = XCBuildConfiguration;
			buildSettings = {
				ALWAYS_EMBED_SWIFT_STANDARD_LIBRARIES = YES;
				CODE_SIGN_STYLE = Automatic;
				CURRENT_PROJECT_VERSION = 1;
				DEVELOPMENT_TEAM = 9US9SK456N;
				GENERATE_INFOPLIST_FILE = YES;
				MARKETING_VERSION = 1.0;
				PRODUCT_BUNDLE_IDENTIFIER = "adotech.timer-usage-exampleUITests";
				PRODUCT_NAME = "$(TARGET_NAME)";
				SWIFT_EMIT_LOC_STRINGS = NO;
				SWIFT_VERSION = 5.0;
				TARGETED_DEVICE_FAMILY = "1,2";
				TEST_TARGET_NAME = "timer usage example";
			};
			name = Debug;
		};
		C363EFCD29F540CC003A601B /* Release */ = {
			isa = XCBuildConfiguration;
			buildSettings = {
				ALWAYS_EMBED_SWIFT_STANDARD_LIBRARIES = YES;
				CODE_SIGN_STYLE = Automatic;
				CURRENT_PROJECT_VERSION = 1;
				DEVELOPMENT_TEAM = 9US9SK456N;
				GENERATE_INFOPLIST_FILE = YES;
				MARKETING_VERSION = 1.0;
				PRODUCT_BUNDLE_IDENTIFIER = "adotech.timer-usage-exampleUITests";
				PRODUCT_NAME = "$(TARGET_NAME)";
				SWIFT_EMIT_LOC_STRINGS = NO;
				SWIFT_VERSION = 5.0;
				TARGETED_DEVICE_FAMILY = "1,2";
				TEST_TARGET_NAME = "timer usage example";
			};
			name = Release;
		};
/* End XCBuildConfiguration section */

/* Begin XCConfigurationList section */
		C363EF9629F540C9003A601B /* Build configuration list for PBXProject "timer usage example" */ = {
			isa = XCConfigurationList;
			buildConfigurations = (
				C363EFC329F540CC003A601B /* Debug */,
				C363EFC429F540CC003A601B /* Release */,
			);
			defaultConfigurationIsVisible = 0;
			defaultConfigurationName = Release;
		};
		C363EFC529F540CC003A601B /* Build configuration list for PBXNativeTarget "timer usage example" */ = {
			isa = XCConfigurationList;
			buildConfigurations = (
				C363EFC629F540CC003A601B /* Debug */,
				C363EFC729F540CC003A601B /* Release */,
			);
			defaultConfigurationIsVisible = 0;
			defaultConfigurationName = Release;
		};
		C363EFC829F540CC003A601B /* Build configuration list for PBXNativeTarget "timer usage exampleTests" */ = {
			isa = XCConfigurationList;
			buildConfigurations = (
				C363EFC929F540CC003A601B /* Debug */,
				C363EFCA29F540CC003A601B /* Release */,
			);
			defaultConfigurationIsVisible = 0;
			defaultConfigurationName = Release;
		};
		C363EFCB29F540CC003A601B /* Build configuration list for PBXNativeTarget "timer usage exampleUITests" */ = {
			isa = XCConfigurationList;
			buildConfigurations = (
				C363EFCC29F540CC003A601B /* Debug */,
				C363EFCD29F540CC003A601B /* Release */,
			);
			defaultConfigurationIsVisible = 0;
			defaultConfigurationName = Release;
		};
/* End XCConfigurationList section */
	};
	rootObject = C363EF9329F540C9003A601B /* Project object */;
}
